// !$*UTF8*$!
{
	archiveVersion = 1;
	classes = {
	};
	objectVersion = 46;
	objects = {

/* Begin PBXBuildFile section */
		417563451DA80F990036BEF8 /* EventHandler.cpp in Sources */ = {isa = PBXBuildFile; fileRef = 417563371DA80F990036BEF8 /* EventHandler.cpp */; };
		417563461DA80F990036BEF8 /* Game.cpp in Sources */ = {isa = PBXBuildFile; fileRef = 417563391DA80F990036BEF8 /* Game.cpp */; };
		417563471DA80F990036BEF8 /* GLSLProgram.cpp in Sources */ = {isa = PBXBuildFile; fileRef = 4175633B1DA80F990036BEF8 /* GLSLProgram.cpp */; };
		417563481DA80F990036BEF8 /* main.cpp in Sources */ = {isa = PBXBuildFile; fileRef = 4175633D1DA80F990036BEF8 /* main.cpp */; };
		417563491DA80F990036BEF8 /* ResourceManager.cpp in Sources */ = {isa = PBXBuildFile; fileRef = 4175633E1DA80F990036BEF8 /* ResourceManager.cpp */; };
		4175634A1DA80F990036BEF8 /* Sprite.cpp in Sources */ = {isa = PBXBuildFile; fileRef = 417563431DA80F990036BEF8 /* Sprite.cpp */; };
		4175634C1DA80FBE0036BEF8 /* OpenGL.framework in Frameworks */ = {isa = PBXBuildFile; fileRef = 4175634B1DA80FBE0036BEF8 /* OpenGL.framework */; };
		4175634E1DA80FC70036BEF8 /* SDL2.framework in Frameworks */ = {isa = PBXBuildFile; fileRef = 4175634D1DA80FC70036BEF8 /* SDL2.framework */; };
		4175634F1DA80FDF0036BEF8 /* ColorShader.frag in CopyFiles */ = {isa = PBXBuildFile; fileRef = 417563411DA80F990036BEF8 /* ColorShader.frag */; };
		417563501DA80FDF0036BEF8 /* ColorShader.vert in CopyFiles */ = {isa = PBXBuildFile; fileRef = 417563421DA80F990036BEF8 /* ColorShader.vert */; };
/* End PBXBuildFile section */

/* Begin PBXCopyFilesBuildPhase section */
		4175632A1DA80F330036BEF8 /* CopyFiles */ = {
			isa = PBXCopyFilesBuildPhase;
			buildActionMask = 12;
			dstPath = shaders;
			dstSubfolderSpec = 16;
			files = (
				4175634F1DA80FDF0036BEF8 /* ColorShader.frag in CopyFiles */,
				417563501DA80FDF0036BEF8 /* ColorShader.vert in CopyFiles */,
			);
			runOnlyForDeploymentPostprocessing = 0;
		};
/* End PBXCopyFilesBuildPhase section */

/* Begin PBXFileReference section */
		4175632C1DA80F330036BEF8 /* VideoSeriesGame */ = {isa = PBXFileReference; explicitFileType = "compiled.mach-o.executable"; includeInIndex = 0; path = VideoSeriesGame; sourceTree = BUILT_PRODUCTS_DIR; };
		417563361DA80F990036BEF8 /* CMakeLists.txt */ = {isa = PBXFileReference; fileEncoding = 4; lastKnownFileType = text; path = CMakeLists.txt; sourceTree = "<group>"; };
		417563371DA80F990036BEF8 /* EventHandler.cpp */ = {isa = PBXFileReference; fileEncoding = 4; lastKnownFileType = sourcecode.cpp.cpp; path = EventHandler.cpp; sourceTree = "<group>"; };
		417563381DA80F990036BEF8 /* EventHandler.h */ = {isa = PBXFileReference; fileEncoding = 4; lastKnownFileType = sourcecode.c.h; path = EventHandler.h; sourceTree = "<group>"; };
		417563391DA80F990036BEF8 /* Game.cpp */ = {isa = PBXFileReference; fileEncoding = 4; lastKnownFileType = sourcecode.cpp.cpp; path = Game.cpp; sourceTree = "<group>"; };
		4175633A1DA80F990036BEF8 /* Game.h */ = {isa = PBXFileReference; fileEncoding = 4; lastKnownFileType = sourcecode.c.h; path = Game.h; sourceTree = "<group>"; };
		4175633B1DA80F990036BEF8 /* GLSLProgram.cpp */ = {isa = PBXFileReference; fileEncoding = 4; lastKnownFileType = sourcecode.cpp.cpp; path = GLSLProgram.cpp; sourceTree = "<group>"; };
		4175633C1DA80F990036BEF8 /* GLSLProgram.h */ = {isa = PBXFileReference; fileEncoding = 4; lastKnownFileType = sourcecode.c.h; path = GLSLProgram.h; sourceTree = "<group>"; };
		4175633D1DA80F990036BEF8 /* main.cpp */ = {isa = PBXFileReference; fileEncoding = 4; lastKnownFileType = sourcecode.cpp.cpp; path = main.cpp; sourceTree = "<group>"; };
		4175633E1DA80F990036BEF8 /* ResourceManager.cpp */ = {isa = PBXFileReference; fileEncoding = 4; lastKnownFileType = sourcecode.cpp.cpp; path = ResourceManager.cpp; sourceTree = "<group>"; };
		4175633F1DA80F990036BEF8 /* ResourceManager.h */ = {isa = PBXFileReference; fileEncoding = 4; lastKnownFileType = sourcecode.c.h; path = ResourceManager.h; sourceTree = "<group>"; };
		417563411DA80F990036BEF8 /* ColorShader.frag */ = {isa = PBXFileReference; fileEncoding = 4; lastKnownFileType = sourcecode.glsl; path = ColorShader.frag; sourceTree = "<group>"; };
		417563421DA80F990036BEF8 /* ColorShader.vert */ = {isa = PBXFileReference; fileEncoding = 4; lastKnownFileType = sourcecode.glsl; path = ColorShader.vert; sourceTree = "<group>"; };
		417563431DA80F990036BEF8 /* Sprite.cpp */ = {isa = PBXFileReference; fileEncoding = 4; lastKnownFileType = sourcecode.cpp.cpp; path = Sprite.cpp; sourceTree = "<group>"; };
		417563441DA80F990036BEF8 /* Sprite.h */ = {isa = PBXFileReference; fileEncoding = 4; lastKnownFileType = sourcecode.c.h; path = Sprite.h; sourceTree = "<group>"; };
		4175634B1DA80FBE0036BEF8 /* OpenGL.framework */ = {isa = PBXFileReference; lastKnownFileType = wrapper.framework; name = OpenGL.framework; path = System/Library/Frameworks/OpenGL.framework; sourceTree = SDKROOT; };
		4175634D1DA80FC70036BEF8 /* SDL2.framework */ = {isa = PBXFileReference; lastKnownFileType = wrapper.framework; name = SDL2.framework; path = ../../../../Library/Frameworks/SDL2.framework; sourceTree = "<group>"; };
		41FDFD6C1DAC6C8C00F675AD /* Vertex.h */ = {isa = PBXFileReference; lastKnownFileType = sourcecode.c.h; path = Vertex.h; sourceTree = "<group>"; };
/* End PBXFileReference section */

/* Begin PBXFrameworksBuildPhase section */
		417563291DA80F330036BEF8 /* Frameworks */ = {
			isa = PBXFrameworksBuildPhase;
			buildActionMask = 2147483647;
			files = (
				4175634E1DA80FC70036BEF8 /* SDL2.framework in Frameworks */,
				4175634C1DA80FBE0036BEF8 /* OpenGL.framework in Frameworks */,
			);
			runOnlyForDeploymentPostprocessing = 0;
		};
/* End PBXFrameworksBuildPhase section */

/* Begin PBXGroup section */
		417563231DA80F330036BEF8 = {
			isa = PBXGroup;
			children = (
				4175634D1DA80FC70036BEF8 /* SDL2.framework */,
				4175634B1DA80FBE0036BEF8 /* OpenGL.framework */,
				4175632E1DA80F330036BEF8 /* VideoSeriesGame */,
				4175632D1DA80F330036BEF8 /* Products */,
			);
			sourceTree = "<group>";
		};
		4175632D1DA80F330036BEF8 /* Products */ = {
			isa = PBXGroup;
			children = (
				4175632C1DA80F330036BEF8 /* VideoSeriesGame */,
			);
			name = Products;
			sourceTree = "<group>";
		};
		4175632E1DA80F330036BEF8 /* VideoSeriesGame */ = {
			isa = PBXGroup;
			children = (
				417563361DA80F990036BEF8 /* CMakeLists.txt */,
				417563371DA80F990036BEF8 /* EventHandler.cpp */,
				417563381DA80F990036BEF8 /* EventHandler.h */,
				417563391DA80F990036BEF8 /* Game.cpp */,
				4175633A1DA80F990036BEF8 /* Game.h */,
				4175633B1DA80F990036BEF8 /* GLSLProgram.cpp */,
				4175633C1DA80F990036BEF8 /* GLSLProgram.h */,
				4175633D1DA80F990036BEF8 /* main.cpp */,
				4175633E1DA80F990036BEF8 /* ResourceManager.cpp */,
				4175633F1DA80F990036BEF8 /* ResourceManager.h */,
				417563401DA80F990036BEF8 /* shaders */,
				417563431DA80F990036BEF8 /* Sprite.cpp */,
				417563441DA80F990036BEF8 /* Sprite.h */,
				41FDFD6C1DAC6C8C00F675AD /* Vertex.h */,
			);
			path = VideoSeriesGame;
			sourceTree = "<group>";
		};
		417563401DA80F990036BEF8 /* shaders */ = {
			isa = PBXGroup;
			children = (
				417563411DA80F990036BEF8 /* ColorShader.frag */,
				417563421DA80F990036BEF8 /* ColorShader.vert */,
			);
			path = shaders;
			sourceTree = "<group>";
		};
/* End PBXGroup section */

/* Begin PBXNativeTarget section */
		4175632B1DA80F330036BEF8 /* VideoSeriesGame */ = {
			isa = PBXNativeTarget;
			buildConfigurationList = 417563331DA80F330036BEF8 /* Build configuration list for PBXNativeTarget "VideoSeriesGame" */;
			buildPhases = (
				417563281DA80F330036BEF8 /* Sources */,
				417563291DA80F330036BEF8 /* Frameworks */,
				4175632A1DA80F330036BEF8 /* CopyFiles */,
			);
			buildRules = (
			);
			dependencies = (
			);
			name = VideoSeriesGame;
			productName = VideoSeriesGame;
			productReference = 4175632C1DA80F330036BEF8 /* VideoSeriesGame */;
			productType = "com.apple.product-type.tool";
		};
/* End PBXNativeTarget section */

/* Begin PBXProject section */
		417563241DA80F330036BEF8 /* Project object */ = {
			isa = PBXProject;
			attributes = {
				LastUpgradeCheck = 0640;
				ORGANIZATIONNAME = "Joshua McDonald";
				TargetAttributes = {
					4175632B1DA80F330036BEF8 = {
						CreatedOnToolsVersion = 6.4;
					};
				};
			};
			buildConfigurationList = 417563271DA80F330036BEF8 /* Build configuration list for PBXProject "VideoSeriesGame" */;
			compatibilityVersion = "Xcode 3.2";
			developmentRegion = English;
			hasScannedForEncodings = 0;
			knownRegions = (
				en,
			);
			mainGroup = 417563231DA80F330036BEF8;
			productRefGroup = 4175632D1DA80F330036BEF8 /* Products */;
			projectDirPath = "";
			projectRoot = "";
			targets = (
				4175632B1DA80F330036BEF8 /* VideoSeriesGame */,
			);
		};
/* End PBXProject section */

/* Begin PBXSourcesBuildPhase section */
		417563281DA80F330036BEF8 /* Sources */ = {
			isa = PBXSourcesBuildPhase;
			buildActionMask = 2147483647;
			files = (
				417563461DA80F990036BEF8 /* Game.cpp in Sources */,
				417563471DA80F990036BEF8 /* GLSLProgram.cpp in Sources */,
				417563481DA80F990036BEF8 /* main.cpp in Sources */,
				417563451DA80F990036BEF8 /* EventHandler.cpp in Sources */,
				4175634A1DA80F990036BEF8 /* Sprite.cpp in Sources */,
				417563491DA80F990036BEF8 /* ResourceManager.cpp in Sources */,
			);
			runOnlyForDeploymentPostprocessing = 0;
		};
/* End PBXSourcesBuildPhase section */

/* Begin XCBuildConfiguration section */
		417563311DA80F330036BEF8 /* Debug */ = {
			isa = XCBuildConfiguration;
			buildSettings = {
				ALWAYS_SEARCH_USER_PATHS = NO;
				CLANG_CXX_LANGUAGE_STANDARD = "gnu++0x";
				CLANG_CXX_LIBRARY = "libc++";
				CLANG_ENABLE_MODULES = YES;
				CLANG_ENABLE_OBJC_ARC = YES;
				CLANG_WARN_BOOL_CONVERSION = YES;
				CLANG_WARN_CONSTANT_CONVERSION = YES;
				CLANG_WARN_DIRECT_OBJC_ISA_USAGE = YES_ERROR;
				CLANG_WARN_EMPTY_BODY = YES;
				CLANG_WARN_ENUM_CONVERSION = YES;
				CLANG_WARN_INT_CONVERSION = YES;
				CLANG_WARN_OBJC_ROOT_CLASS = YES_ERROR;
				CLANG_WARN_UNREACHABLE_CODE = YES;
				CLANG_WARN__DUPLICATE_METHOD_MATCH = YES;
				COPY_PHASE_STRIP = NO;
				DEBUG_INFORMATION_FORMAT = dwarf;
				ENABLE_STRICT_OBJC_MSGSEND = YES;
				GCC_C_LANGUAGE_STANDARD = gnu99;
				GCC_DYNAMIC_NO_PIC = NO;
				GCC_NO_COMMON_BLOCKS = YES;
				GCC_OPTIMIZATION_LEVEL = 0;
				GCC_PREPROCESSOR_DEFINITIONS = (
					"DEBUG=1",
					"$(inherited)",
				);
				GCC_SYMBOLS_PRIVATE_EXTERN = NO;
				GCC_WARN_64_TO_32_BIT_CONVERSION = YES;
				GCC_WARN_ABOUT_RETURN_TYPE = YES_ERROR;
				GCC_WARN_UNDECLARED_SELECTOR = YES;
				GCC_WARN_UNINITIALIZED_AUTOS = YES_AGGRESSIVE;
				GCC_WARN_UNUSED_FUNCTION = YES;
				GCC_WARN_UNUSED_VARIABLE = YES;
				MACOSX_DEPLOYMENT_TARGET = 10.10;
				MTL_ENABLE_DEBUG_INFO = YES;
				ONLY_ACTIVE_ARCH = YES;
				SDKROOT = macosx;
			};
			name = Debug;
		};
		417563321DA80F330036BEF8 /* Release */ = {
			isa = XCBuildConfiguration;
			buildSettings = {
				ALWAYS_SEARCH_USER_PATHS = NO;
				CLANG_CXX_LANGUAGE_STANDARD = "gnu++0x";
				CLANG_CXX_LIBRARY = "libc++";
				CLANG_ENABLE_MODULES = YES;
				CLANG_ENABLE_OBJC_ARC = YES;
				CLANG_WARN_BOOL_CONVERSION = YES;
				CLANG_WARN_CONSTANT_CONVERSION = YES;
				CLANG_WARN_DIRECT_OBJC_ISA_USAGE = YES_ERROR;
				CLANG_WARN_EMPTY_BODY = YES;
				CLANG_WARN_ENUM_CONVERSION = YES;
				CLANG_WARN_INT_CONVERSION = YES;
				CLANG_WARN_OBJC_ROOT_CLASS = YES_ERROR;
				CLANG_WARN_UNREACHABLE_CODE = YES;
				CLANG_WARN__DUPLICATE_METHOD_MATCH = YES;
				COPY_PHASE_STRIP = NO;
				DEBUG_INFORMATION_FORMAT = "dwarf-with-dsym";
				ENABLE_NS_ASSERTIONS = NO;
				ENABLE_STRICT_OBJC_MSGSEND = YES;
				GCC_C_LANGUAGE_STANDARD = gnu99;
				GCC_NO_COMMON_BLOCKS = YES;
				GCC_WARN_64_TO_32_BIT_CONVERSION = YES;
				GCC_WARN_ABOUT_RETURN_TYPE = YES_ERROR;
				GCC_WARN_UNDECLARED_SELECTOR = YES;
				GCC_WARN_UNINITIALIZED_AUTOS = YES_AGGRESSIVE;
				GCC_WARN_UNUSED_FUNCTION = YES;
				GCC_WARN_UNUSED_VARIABLE = YES;
				MACOSX_DEPLOYMENT_TARGET = 10.10;
				MTL_ENABLE_DEBUG_INFO = NO;
				SDKROOT = macosx;
			};
			name = Release;
		};
		417563341DA80F330036BEF8 /* Debug */ = {
			isa = XCBuildConfiguration;
			buildSettings = {
				FRAMEWORK_SEARCH_PATHS = (
					"$(inherited)",
					"$(LOCAL_LIBRARY_DIR)/Frameworks",
				);
				PRODUCT_NAME = "$(TARGET_NAME)";
			};
			name = Debug;
		};
		417563351DA80F330036BEF8 /* Release */ = {
			isa = XCBuildConfiguration;
			buildSettings = {
				FRAMEWORK_SEARCH_PATHS = (
					"$(inherited)",
					"$(LOCAL_LIBRARY_DIR)/Frameworks",
				);
				PRODUCT_NAME = "$(TARGET_NAME)";
			};
			name = Release;
		};
/* End XCBuildConfiguration section */

/* Begin XCConfigurationList section */
		417563271DA80F330036BEF8 /* Build configuration list for PBXProject "VideoSeriesGame" */ = {
			isa = XCConfigurationList;
			buildConfigurations = (
				417563311DA80F330036BEF8 /* Debug */,
				417563321DA80F330036BEF8 /* Release */,
			);
			defaultConfigurationIsVisible = 0;
			defaultConfigurationName = Release;
		};
		417563331DA80F330036BEF8 /* Build configuration list for PBXNativeTarget "VideoSeriesGame" */ = {
			isa = XCConfigurationList;
			buildConfigurations = (
				417563341DA80F330036BEF8 /* Debug */,
				417563351DA80F330036BEF8 /* Release */,
			);
			defaultConfigurationIsVisible = 0;
			defaultConfigurationName = Release;
		};
/* End XCConfigurationList section */
	};
	rootObject = 417563241DA80F330036BEF8 /* Project object */;
}
